
Microsoft Visual Studio Solution File, Format Version 12.00
# Visual Studio Version 17
VisualStudioVersion = 17.9.34728.123
MinimumVisualStudioVersion = 10.0.40219.1
Project("{9A19103F-16F7-4668-BE54-9A1E7A4F7556}") = "Car", "Car\Car.csproj", "{EA805282-6355-4BF4-B635-F4EF9BD5D6D3}"
EndProject
Project("{9A19103F-16F7-4668-BE54-9A1E7A4F7556}") = "Car.UI", "Car.UI\Car.UI.csproj", "{367FCCC4-B151-45AE-B75B-8301BE2B093E}"
EndProject
Project("{9A19103F-16F7-4668-BE54-9A1E7A4F7556}") = "Car.Shared", "Car.Shared\Car.Shared.csproj", "{264523DB-363C-458B-A91D-89596600C6E5}"
EndProject
Project("{FAE04EC0-301F-11D3-BF4B-00C04F79EFBC}") = "Car.Tests", "Car.Tests\Car.Tests.csproj", "{21F81D63-973B-476C-BD1F-586E0F9483D3}"
EndProject
Project("{FAE04EC0-301F-11D3-BF4B-00C04F79EFBC}") = "Car.UI.Tests", "Car.UI.Tests\Car.UI.Tests.csproj", "{D0504275-1244-4D75-BF2B-A1538BCDE881}"
EndProject
Global
	GlobalSection(SolutionConfigurationPlatforms) = preSolution
		Debug|Any CPU = Debug|Any CPU
		Release|Any CPU = Release|Any CPU
	EndGlobalSection
	GlobalSection(ProjectConfigurationPlatforms) = postSolution
		{EA805282-6355-4BF4-B635-F4EF9BD5D6D3}.Debug|Any CPU.ActiveCfg = Debug|Any CPU
		{EA805282-6355-4BF4-B635-F4EF9BD5D6D3}.Debug|Any CPU.Build.0 = Debug|Any CPU
		{EA805282-6355-4BF4-B635-F4EF9BD5D6D3}.Release|Any CPU.ActiveCfg = Release|Any CPU
		{EA805282-6355-4BF4-B635-F4EF9BD5D6D3}.Release|Any CPU.Build.0 = Release|Any CPU
		{367FCCC4-B151-45AE-B75B-8301BE2B093E}.Debug|Any CPU.ActiveCfg = Debug|Any CPU
		{367FCCC4-B151-45AE-B75B-8301BE2B093E}.Debug|Any CPU.Build.0 = Debug|Any CPU
		{367FCCC4-B151-45AE-B75B-8301BE2B093E}.Release|Any CPU.ActiveCfg = Release|Any CPU
		{367FCCC4-B151-45AE-B75B-8301BE2B093E}.Release|Any CPU.Build.0 = Release|Any CPU
		{264523DB-363C-458B-A91D-89596600C6E5}.Debug|Any CPU.ActiveCfg = Debug|Any CPU
		{264523DB-363C-458B-A91D-89596600C6E5}.Debug|Any CPU.Build.0 = Debug|Any CPU
		{264523DB-363C-458B-A91D-89596600C6E5}.Release|Any CPU.ActiveCfg = Release|Any CPU
		{264523DB-363C-458B-A91D-89596600C6E5}.Release|Any CPU.Build.0 = Release|Any CPU
		{21F81D63-973B-476C-BD1F-586E0F9483D3}.Debug|Any CPU.ActiveCfg = Debug|Any CPU
		{21F81D63-973B-476C-BD1F-586E0F9483D3}.Debug|Any CPU.Build.0 = Debug|Any CPU
		{21F81D63-973B-476C-BD1F-586E0F9483D3}.Release|Any CPU.ActiveCfg = Release|Any CPU
		{21F81D63-973B-476C-BD1F-586E0F9483D3}.Release|Any CPU.Build.0 = Release|Any CPU
		{D0504275-1244-4D75-BF2B-A1538BCDE881}.Debug|Any CPU.ActiveCfg = Debug|Any CPU
		{D0504275-1244-4D75-BF2B-A1538BCDE881}.Debug|Any CPU.Build.0 = Debug|Any CPU
		{D0504275-1244-4D75-BF2B-A1538BCDE881}.Release|Any CPU.ActiveCfg = Release|Any CPU
		{D0504275-1244-4D75-BF2B-A1538BCDE881}.Release|Any CPU.Build.0 = Release|Any CPU
	EndGlobalSection
	GlobalSection(SolutionProperties) = preSolution
		HideSolutionNode = FALSE
	EndGlobalSection
	GlobalSection(ExtensibilityGlobals) = postSolution
		SolutionGuid = {48FCDD3C-6F66-456E-853B-2522328F155C}
	EndGlobalSection
EndGlobal
